
Microsoft Visual Studio Solution File, Format Version 12.00
# Visual Studio 15
VisualStudioVersion = 15.0.28307.757
MinimumVisualStudioVersion = 10.0.40219.1
Project("{FAE04EC0-301F-11D3-BF4B-00C04F79EFBC}") = "SaveIMG", "SaveIMG\SaveIMG.csproj", "{1CBF0101-9B34-4425-92E8-727A978B0C57}"
EndProject
Global
	GlobalSection(SolutionConfigurationPlatforms) = preSolution
		Debug|Any CPU = Debug|Any CPU
		Release|Any CPU = Release|Any CPU
	EndGlobalSection
	GlobalSection(ProjectConfigurationPlatforms) = postSolution
		{1CBF0101-9B34-4425-92E8-727A978B0C57}.Debug|Any CPU.ActiveCfg = Debug|Any CPU
		{1CBF0101-9B34-4425-92E8-727A978B0C57}.Debug|Any CPU.Build.0 = Debug|Any CPU
		{1CBF0101-9B34-4425-92E8-727A978B0C57}.Release|Any CPU.ActiveCfg = Release|Any CPU
		{1CBF0101-9B34-4425-92E8-727A978B0C57}.Release|Any CPU.Build.0 = Release|Any CPU
	EndGlobalSection
	GlobalSection(SolutionProperties) = preSolution
		HideSolutionNode = FALSE
	EndGlobalSection
	GlobalSection(ExtensibilityGlobals) = postSolution
		SolutionGuid = {E2F802E9-3C84-46F3-9C31-06607517D15C}
	EndGlobalSection
EndGlobal
